
Microsoft Visual Studio Solution File, Format Version 12.00
# Visual Studio Version 17
VisualStudioVersion = 17.14.36804.6
MinimumVisualStudioVersion = 10.0.40219.1
Project("{FAE04EC0-301F-11D3-BF4B-00C04F79EFBC}") = "Labs_Parallel-and-Distributed-Programming", "Labs_Parallel-and-Distributed-Programming\Labs_Parallel-and-Distributed-Programming.csproj", "{20067518-F1AC-4B23-84FE-0CD96000EAE9}"
EndProject
Project("{FAE04EC0-301F-11D3-BF4B-00C04F79EFBC}") = "Lab_01", "Lab_01\Lab_01.csproj", "{950D089E-4072-4389-8DD4-6699A696D44A}"
EndProject
Project("{FAE04EC0-301F-11D3-BF4B-00C04F79EFBC}") = "Lab_02", "Lab_02\Lab_02.csproj", "{AD3D2ACD-6543-4A04-BBF8-9A96CD10DE8D}"
EndProject
Project("{FAE04EC0-301F-11D3-BF4B-00C04F79EFBC}") = "Lab_03", "Lab_03\Lab_03.csproj", "{CBECBD2E-4D48-435A-A75C-024DA5FDCAA9}"
EndProject
Project("{FAE04EC0-301F-11D3-BF4B-00C04F79EFBC}") = "Lab_02_A", "Lab_02_A\Lab_02_A.csproj", "{92947779-2A0A-4C54-A5CA-31C457DA550F}"
EndProject
Project("{FAE04EC0-301F-11D3-BF4B-00C04F79EFBC}") = "Lab_02_B", "Lab_02_B\Lab_02_B.csproj", "{3E24C031-D473-420F-89BC-626E7675A949}"
EndProject
Project("{FAE04EC0-301F-11D3-BF4B-00C04F79EFBC}") = "Lab_02_C", "Lab_02_C\Lab_02_C.csproj", "{3A931199-169F-4E9B-986F-D66A46D2B4DC}"
EndProject
Project("{FAE04EC0-301F-11D3-BF4B-00C04F79EFBC}") = "Lab_03_A", "Lab_03_A\Lab_03_A.csproj", "{6A5C79C1-ADD3-4233-A2FA-A42F6DC8311C}"
EndProject
Project("{FAE04EC0-301F-11D3-BF4B-00C04F79EFBC}") = "Lab_03_B", "Lab_03_B\Lab_03_B.csproj", "{8DFC3B3E-DF55-4403-B73D-33007650583E}"
EndProject
Project("{FAE04EC0-301F-11D3-BF4B-00C04F79EFBC}") = "Lab_04", "Lab_04\Lab_04.csproj", "{99C5A7AB-861E-422D-A1CB-C3AD4B640B1A}"
EndProject
Project("{FAE04EC0-301F-11D3-BF4B-00C04F79EFBC}") = "Lab_04_A", "Lab_04_A\Lab_04_A.csproj", "{462BEBE8-32B1-4927-89F3-7F3011C09E38}"
EndProject
Global
	GlobalSection(SolutionConfigurationPlatforms) = preSolution
		Debug|Any CPU = Debug|Any CPU
		Release|Any CPU = Release|Any CPU
	EndGlobalSection
	GlobalSection(ProjectConfigurationPlatforms) = postSolution
		{20067518-F1AC-4B23-84FE-0CD96000EAE9}.Debug|Any CPU.ActiveCfg = Debug|Any CPU
		{20067518-F1AC-4B23-84FE-0CD96000EAE9}.Debug|Any CPU.Build.0 = Debug|Any CPU
		{20067518-F1AC-4B23-84FE-0CD96000EAE9}.Release|Any CPU.ActiveCfg = Release|Any CPU
		{20067518-F1AC-4B23-84FE-0CD96000EAE9}.Release|Any CPU.Build.0 = Release|Any CPU
		{950D089E-4072-4389-8DD4-6699A696D44A}.Debug|Any CPU.ActiveCfg = Debug|Any CPU
		{950D089E-4072-4389-8DD4-6699A696D44A}.Debug|Any CPU.Build.0 = Debug|Any CPU
		{950D089E-4072-4389-8DD4-6699A696D44A}.Release|Any CPU.ActiveCfg = Release|Any CPU
		{950D089E-4072-4389-8DD4-6699A696D44A}.Release|Any CPU.Build.0 = Release|Any CPU
		{AD3D2ACD-6543-4A04-BBF8-9A96CD10DE8D}.Debug|Any CPU.ActiveCfg = Debug|Any CPU
		{AD3D2ACD-6543-4A04-BBF8-9A96CD10DE8D}.Debug|Any CPU.Build.0 = Debug|Any CPU
		{AD3D2ACD-6543-4A04-BBF8-9A96CD10DE8D}.Release|Any CPU.ActiveCfg = Release|Any CPU
		{AD3D2ACD-6543-4A04-BBF8-9A96CD10DE8D}.Release|Any CPU.Build.0 = Release|Any CPU
		{CBECBD2E-4D48-435A-A75C-024DA5FDCAA9}.Debug|Any CPU.ActiveCfg = Debug|Any CPU
		{CBECBD2E-4D48-435A-A75C-024DA5FDCAA9}.Debug|Any CPU.Build.0 = Debug|Any CPU
		{CBECBD2E-4D48-435A-A75C-024DA5FDCAA9}.Release|Any CPU.ActiveCfg = Release|Any CPU
		{CBECBD2E-4D48-435A-A75C-024DA5FDCAA9}.Release|Any CPU.Build.0 = Release|Any CPU
		{92947779-2A0A-4C54-A5CA-31C457DA550F}.Debug|Any CPU.ActiveCfg = Debug|Any CPU
		{92947779-2A0A-4C54-A5CA-31C457DA550F}.Debug|Any CPU.Build.0 = Debug|Any CPU
		{92947779-2A0A-4C54-A5CA-31C457DA550F}.Release|Any CPU.ActiveCfg = Release|Any CPU
		{92947779-2A0A-4C54-A5CA-31C457DA550F}.Release|Any CPU.Build.0 = Release|Any CPU
		{3E24C031-D473-420F-89BC-626E7675A949}.Debug|Any CPU.ActiveCfg = Debug|Any CPU
		{3E24C031-D473-420F-89BC-626E7675A949}.Debug|Any CPU.Build.0 = Debug|Any CPU
		{3E24C031-D473-420F-89BC-626E7675A949}.Release|Any CPU.ActiveCfg = Release|Any CPU
		{3E24C031-D473-420F-89BC-626E7675A949}.Release|Any CPU.Build.0 = Release|Any CPU
		{3A931199-169F-4E9B-986F-D66A46D2B4DC}.Debug|Any CPU.ActiveCfg = Debug|Any CPU
		{3A931199-169F-4E9B-986F-D66A46D2B4DC}.Debug|Any CPU.Build.0 = Debug|Any CPU
		{3A931199-169F-4E9B-986F-D66A46D2B4DC}.Release|Any CPU.ActiveCfg = Release|Any CPU
		{3A931199-169F-4E9B-986F-D66A46D2B4DC}.Release|Any CPU.Build.0 = Release|Any CPU
		{6A5C79C1-ADD3-4233-A2FA-A42F6DC8311C}.Debug|Any CPU.ActiveCfg = Debug|Any CPU
		{6A5C79C1-ADD3-4233-A2FA-A42F6DC8311C}.Debug|Any CPU.Build.0 = Debug|Any CPU
		{6A5C79C1-ADD3-4233-A2FA-A42F6DC8311C}.Release|Any CPU.ActiveCfg = Release|Any CPU
		{6A5C79C1-ADD3-4233-A2FA-A42F6DC8311C}.Release|Any CPU.Build.0 = Release|Any CPU
		{8DFC3B3E-DF55-4403-B73D-33007650583E}.Debug|Any CPU.ActiveCfg = Debug|Any CPU
		{8DFC3B3E-DF55-4403-B73D-33007650583E}.Debug|Any CPU.Build.0 = Debug|Any CPU
		{8DFC3B3E-DF55-4403-B73D-33007650583E}.Release|Any CPU.ActiveCfg = Release|Any CPU
		{8DFC3B3E-DF55-4403-B73D-33007650583E}.Release|Any CPU.Build.0 = Release|Any CPU
		{99C5A7AB-861E-422D-A1CB-C3AD4B640B1A}.Debug|Any CPU.ActiveCfg = Debug|Any CPU
		{99C5A7AB-861E-422D-A1CB-C3AD4B640B1A}.Debug|Any CPU.Build.0 = Debug|Any CPU
		{99C5A7AB-861E-422D-A1CB-C3AD4B640B1A}.Release|Any CPU.ActiveCfg = Release|Any CPU
		{99C5A7AB-861E-422D-A1CB-C3AD4B640B1A}.Release|Any CPU.Build.0 = Release|Any CPU
		{462BEBE8-32B1-4927-89F3-7F3011C09E38}.Debug|Any CPU.ActiveCfg = Debug|Any CPU
		{462BEBE8-32B1-4927-89F3-7F3011C09E38}.Debug|Any CPU.Build.0 = Debug|Any CPU
		{462BEBE8-32B1-4927-89F3-7F3011C09E38}.Release|Any CPU.ActiveCfg = Release|Any CPU
		{462BEBE8-32B1-4927-89F3-7F3011C09E38}.Release|Any CPU.Build.0 = Release|Any CPU
	EndGlobalSection
	GlobalSection(SolutionProperties) = preSolution
		HideSolutionNode = FALSE
	EndGlobalSection
	GlobalSection(ExtensibilityGlobals) = postSolution
		SolutionGuid = {D6962D1B-3E04-4780-8B7B-C172CEA2BC28}
	EndGlobalSection
EndGlobal
